// !$*UTF8*$!
{
	archiveVersion = 1;
	classes = {
	};
	objectVersion = 46;
	objects = {

/* Begin PBXBuildFile section */
		B83316C6180B2C9300857E55 /* Foundation.framework in Frameworks */ = {isa = PBXBuildFile; fileRef = B83316C5180B2C9300857E55 /* Foundation.framework */; };
		B83316C8180B2C9300857E55 /* CoreGraphics.framework in Frameworks */ = {isa = PBXBuildFile; fileRef = B83316C7180B2C9300857E55 /* CoreGraphics.framework */; };
		B83316CA180B2C9300857E55 /* UIKit.framework in Frameworks */ = {isa = PBXBuildFile; fileRef = B83316C9180B2C9300857E55 /* UIKit.framework */; };
		B83316CC180B2C9300857E55 /* CoreData.framework in Frameworks */ = {isa = PBXBuildFile; fileRef = B83316CB180B2C9300857E55 /* CoreData.framework */; };
		B83316D2180B2C9300857E55 /* InfoPlist.strings in Resources */ = {isa = PBXBuildFile; fileRef = B83316D0180B2C9300857E55 /* InfoPlist.strings */; };
		B83316D4180B2C9300857E55 /* main.m in Sources */ = {isa = PBXBuildFile; fileRef = B83316D3180B2C9300857E55 /* main.m */; };
		B83316D8180B2C9300857E55 /* JAppDelegate.m in Sources */ = {isa = PBXBuildFile; fileRef = B83316D7180B2C9300857E55 /* JAppDelegate.m */; };
		B83316DB180B2C9300857E55 /* Main_iPhone.storyboard in Resources */ = {isa = PBXBuildFile; fileRef = B83316D9180B2C9300857E55 /* Main_iPhone.storyboard */; };
		B83316DE180B2C9300857E55 /* Main_iPad.storyboard in Resources */ = {isa = PBXBuildFile; fileRef = B83316DC180B2C9300857E55 /* Main_iPad.storyboard */; };
		B83316E1180B2C9300857E55 /* Musicalize.xcdatamodeld in Sources */ = {isa = PBXBuildFile; fileRef = B83316DF180B2C9300857E55 /* Musicalize.xcdatamodeld */; };
		B83316E4180B2C9300857E55 /* JMasterViewController.m in Sources */ = {isa = PBXBuildFile; fileRef = B83316E3180B2C9300857E55 /* JMasterViewController.m */; };
		B83316E7180B2C9300857E55 /* JDetailViewController.m in Sources */ = {isa = PBXBuildFile; fileRef = B83316E6180B2C9300857E55 /* JDetailViewController.m */; };
		B83316E9180B2C9300857E55 /* Images.xcassets in Resources */ = {isa = PBXBuildFile; fileRef = B83316E8180B2C9300857E55 /* Images.xcassets */; };
		B833170D180B2D6600857E55 /* JGraph.m in Sources */ = {isa = PBXBuildFile; fileRef = B8331708180B2D6600857E55 /* JGraph.m */; };
		B833170E180B2D6600857E55 /* JSettingController.m in Sources */ = {isa = PBXBuildFile; fileRef = B833170A180B2D6600857E55 /* JSettingController.m */; };
		B833170F180B2D6600857E55 /* ToneGeneratorViewController.m in Sources */ = {isa = PBXBuildFile; fileRef = B833170C180B2D6600857E55 /* ToneGeneratorViewController.m */; };
/* End PBXBuildFile section */

/* Begin PBXFileReference section */
		B83316C2180B2C9300857E55 /* Musicalize.app */ = {isa = PBXFileReference; explicitFileType = wrapper.application; includeInIndex = 0; path = Musicalize.app; sourceTree = BUILT_PRODUCTS_DIR; };
		B83316C5180B2C9300857E55 /* Foundation.framework */ = {isa = PBXFileReference; lastKnownFileType = wrapper.framework; name = Foundation.framework; path = System/Library/Frameworks/Foundation.framework; sourceTree = SDKROOT; };
		B83316C7180B2C9300857E55 /* CoreGraphics.framework */ = {isa = PBXFileReference; lastKnownFileType = wrapper.framework; name = CoreGraphics.framework; path = System/Library/Frameworks/CoreGraphics.framework; sourceTree = SDKROOT; };
		B83316C9180B2C9300857E55 /* UIKit.framework */ = {isa = PBXFileReference; lastKnownFileType = wrapper.framework; name = UIKit.framework; path = System/Library/Frameworks/UIKit.framework; sourceTree = SDKROOT; };
		B83316CB180B2C9300857E55 /* CoreData.framework */ = {isa = PBXFileReference; lastKnownFileType = wrapper.framework; name = CoreData.framework; path = System/Library/Frameworks/CoreData.framework; sourceTree = SDKROOT; };
		B83316CF180B2C9300857E55 /* Musicalize-Info.plist */ = {isa = PBXFileReference; lastKnownFileType = text.plist.xml; path = "Musicalize-Info.plist"; sourceTree = "<group>"; };
		B83316D1180B2C9300857E55 /* en */ = {isa = PBXFileReference; lastKnownFileType = text.plist.strings; name = en; path = en.lproj/InfoPlist.strings; sourceTree = "<group>"; };
		B83316D3180B2C9300857E55 /* main.m */ = {isa = PBXFileReference; lastKnownFileType = sourcecode.c.objc; path = main.m; sourceTree = "<group>"; };
		B83316D5180B2C9300857E55 /* Musicalize-Prefix.pch */ = {isa = PBXFileReference; lastKnownFileType = sourcecode.c.h; path = "Musicalize-Prefix.pch"; sourceTree = "<group>"; };
		B83316D6180B2C9300857E55 /* JAppDelegate.h */ = {isa = PBXFileReference; lastKnownFileType = sourcecode.c.h; path = JAppDelegate.h; sourceTree = "<group>"; };
		B83316D7180B2C9300857E55 /* JAppDelegate.m */ = {isa = PBXFileReference; lastKnownFileType = sourcecode.c.objc; path = JAppDelegate.m; sourceTree = "<group>"; };
		B83316DA180B2C9300857E55 /* Base */ = {isa = PBXFileReference; lastKnownFileType = file.storyboard; name = Base; path = Base.lproj/Main_iPhone.storyboard; sourceTree = "<group>"; };
		B83316DD180B2C9300857E55 /* Base */ = {isa = PBXFileReference; lastKnownFileType = file.storyboard; name = Base; path = Base.lproj/Main_iPad.storyboard; sourceTree = "<group>"; };
		B83316E0180B2C9300857E55 /* Musicalize.xcdatamodel */ = {isa = PBXFileReference; lastKnownFileType = wrapper.xcdatamodel; path = Musicalize.xcdatamodel; sourceTree = "<group>"; };
		B83316E2180B2C9300857E55 /* JMasterViewController.h */ = {isa = PBXFileReference; lastKnownFileType = sourcecode.c.h; path = JMasterViewController.h; sourceTree = "<group>"; };
		B83316E3180B2C9300857E55 /* JMasterViewController.m */ = {isa = PBXFileReference; lastKnownFileType = sourcecode.c.objc; path = JMasterViewController.m; sourceTree = "<group>"; };
		B83316E5180B2C9300857E55 /* JDetailViewController.h */ = {isa = PBXFileReference; lastKnownFileType = sourcecode.c.h; path = JDetailViewController.h; sourceTree = "<group>"; };
		B83316E6180B2C9300857E55 /* JDetailViewController.m */ = {isa = PBXFileReference; lastKnownFileType = sourcecode.c.objc; path = JDetailViewController.m; sourceTree = "<group>"; };
		B83316E8180B2C9300857E55 /* Images.xcassets */ = {isa = PBXFileReference; lastKnownFileType = folder.assetcatalog; path = Images.xcassets; sourceTree = "<group>"; };
		B83316EF180B2C9400857E55 /* XCTest.framework */ = {isa = PBXFileReference; lastKnownFileType = wrapper.framework; name = XCTest.framework; path = Library/Frameworks/XCTest.framework; sourceTree = DEVELOPER_DIR; };
		B83316F8180B2C9400857E55 /* MusicalizeTests-Info.plist */ = {isa = PBXFileReference; lastKnownFileType = text.plist.xml; path = "MusicalizeTests-Info.plist"; sourceTree = "<group>"; };
		B83316FA180B2C9400857E55 /* en */ = {isa = PBXFileReference; lastKnownFileType = text.plist.strings; name = en; path = en.lproj/InfoPlist.strings; sourceTree = "<group>"; };
		B83316FC180B2C9400857E55 /* MusicalizeTests.m */ = {isa = PBXFileReference; lastKnownFileType = sourcecode.c.objc; path = MusicalizeTests.m; sourceTree = "<group>"; };
		B8331707180B2D6600857E55 /* JGraph.h */ = {isa = PBXFileReference; fileEncoding = 4; lastKnownFileType = sourcecode.c.h; path = JGraph.h; sourceTree = "<group>"; };
		B8331708180B2D6600857E55 /* JGraph.m */ = {isa = PBXFileReference; fileEncoding = 4; lastKnownFileType = sourcecode.c.objc; path = JGraph.m; sourceTree = "<group>"; };
		B8331709180B2D6600857E55 /* JSettingController.h */ = {isa = PBXFileReference; fileEncoding = 4; lastKnownFileType = sourcecode.c.h; path = JSettingController.h; sourceTree = "<group>"; };
		B833170A180B2D6600857E55 /* JSettingController.m */ = {isa = PBXFileReference; fileEncoding = 4; lastKnownFileType = sourcecode.c.objc; path = JSettingController.m; sourceTree = "<group>"; };
		B833170B180B2D6600857E55 /* ToneGeneratorViewController.h */ = {isa = PBXFileReference; fileEncoding = 4; lastKnownFileType = sourcecode.c.h; path = ToneGeneratorViewController.h; sourceTree = "<group>"; };
		B833170C180B2D6600857E55 /* ToneGeneratorViewController.m */ = {isa = PBXFileReference; fileEncoding = 4; lastKnownFileType = sourcecode.c.objc; path = ToneGeneratorViewController.m; sourceTree = "<group>"; };
/* End PBXFileReference section */

/* Begin PBXFrameworksBuildPhase section */
		B83316BF180B2C9300857E55 /* Frameworks */ = {
			isa = PBXFrameworksBuildPhase;
			buildActionMask = 2147483647;
			files = (
				B83316C8180B2C9300857E55 /* CoreGraphics.framework in Frameworks */,
				B83316CC180B2C9300857E55 /* CoreData.framework in Frameworks */,
				B83316CA180B2C9300857E55 /* UIKit.framework in Frameworks */,
				B83316C6180B2C9300857E55 /* Foundation.framework in Frameworks */,
			);
			runOnlyForDeploymentPostprocessing = 0;
		};
/* End PBXFrameworksBuildPhase section */

/* Begin PBXGroup section */
		B83316B9180B2C9300857E55 = {
			isa = PBXGroup;
			children = (
				B83316CD180B2C9300857E55 /* Musicalize */,
				B83316F6180B2C9400857E55 /* MusicalizeTests */,
				B83316C4180B2C9300857E55 /* Frameworks */,
				B83316C3180B2C9300857E55 /* Products */,
			);
			sourceTree = "<group>";
		};
		B83316C3180B2C9300857E55 /* Products */ = {
			isa = PBXGroup;
			children = (
				B83316C2180B2C9300857E55 /* Musicalize.app */,
			);
			name = Products;
			sourceTree = "<group>";
		};
		B83316C4180B2C9300857E55 /* Frameworks */ = {
			isa = PBXGroup;
			children = (
				B83316C5180B2C9300857E55 /* Foundation.framework */,
				B83316C7180B2C9300857E55 /* CoreGraphics.framework */,
				B83316C9180B2C9300857E55 /* UIKit.framework */,
				B83316CB180B2C9300857E55 /* CoreData.framework */,
				B83316EF180B2C9400857E55 /* XCTest.framework */,
			);
			name = Frameworks;
			sourceTree = "<group>";
		};
		B83316CD180B2C9300857E55 /* Musicalize */ = {
			isa = PBXGroup;
			children = (
				B8331706180B2D6600857E55 /* classes */,
				B83316D6180B2C9300857E55 /* JAppDelegate.h */,
				B83316D7180B2C9300857E55 /* JAppDelegate.m */,
				B83316D9180B2C9300857E55 /* Main_iPhone.storyboard */,
				B83316DC180B2C9300857E55 /* Main_iPad.storyboard */,
				B83316E2180B2C9300857E55 /* JMasterViewController.h */,
				B83316E3180B2C9300857E55 /* JMasterViewController.m */,
				B83316E5180B2C9300857E55 /* JDetailViewController.h */,
				B83316E6180B2C9300857E55 /* JDetailViewController.m */,
				B83316E8180B2C9300857E55 /* Images.xcassets */,
				B83316DF180B2C9300857E55 /* Musicalize.xcdatamodeld */,
				B83316CE180B2C9300857E55 /* Supporting Files */,
			);
			path = Musicalize;
			sourceTree = "<group>";
		};
		B83316CE180B2C9300857E55 /* Supporting Files */ = {
			isa = PBXGroup;
			children = (
				B83316CF180B2C9300857E55 /* Musicalize-Info.plist */,
				B83316D0180B2C9300857E55 /* InfoPlist.strings */,
				B83316D3180B2C9300857E55 /* main.m */,
				B83316D5180B2C9300857E55 /* Musicalize-Prefix.pch */,
			);
			name = "Supporting Files";
			sourceTree = "<group>";
		};
		B83316F6180B2C9400857E55 /* MusicalizeTests */ = {
			isa = PBXGroup;
			children = (
				B83316FC180B2C9400857E55 /* MusicalizeTests.m */,
				B83316F7180B2C9400857E55 /* Supporting Files */,
			);
			path = MusicalizeTests;
			sourceTree = "<group>";
		};
		B83316F7180B2C9400857E55 /* Supporting Files */ = {
			isa = PBXGroup;
			children = (
				B83316F8180B2C9400857E55 /* MusicalizeTests-Info.plist */,
				B83316F9180B2C9400857E55 /* InfoPlist.strings */,
			);
			name = "Supporting Files";
			sourceTree = "<group>";
		};
		B8331706180B2D6600857E55 /* classes */ = {
			isa = PBXGroup;
			children = (
				B8331707180B2D6600857E55 /* JGraph.h */,
				B8331708180B2D6600857E55 /* JGraph.m */,
				B8331709180B2D6600857E55 /* JSettingController.h */,
				B833170A180B2D6600857E55 /* JSettingController.m */,
				B833170B180B2D6600857E55 /* ToneGeneratorViewController.h */,
				B833170C180B2D6600857E55 /* ToneGeneratorViewController.m */,
			);
			path = classes;
			sourceTree = "<group>";
		};
/* End PBXGroup section */

/* Begin PBXNativeTarget section */
		B83316C1180B2C9300857E55 /* Musicalize */ = {
			isa = PBXNativeTarget;
			buildConfigurationList = B8331700180B2C9400857E55 /* Build configuration list for PBXNativeTarget "Musicalize" */;
			buildPhases = (
				B83316BE180B2C9300857E55 /* Sources */,
				B83316BF180B2C9300857E55 /* Frameworks */,
				B83316C0180B2C9300857E55 /* Resources */,
			);
			buildRules = (
			);
			dependencies = (
			);
			name = Musicalize;
			productName = Musicalize;
			productReference = B83316C2180B2C9300857E55 /* Musicalize.app */;
			productType = "com.apple.product-type.application";
		};
/* End PBXNativeTarget section */

/* Begin PBXProject section */
		B83316BA180B2C9300857E55 /* Project object */ = {
			isa = PBXProject;
			attributes = {
				CLASSPREFIX = J;
				LastUpgradeCheck = 0500;
				ORGANIZATIONNAME = "Jean-Francois Pautex";
			};
			buildConfigurationList = B83316BD180B2C9300857E55 /* Build configuration list for PBXProject "Musicalize" */;
			compatibilityVersion = "Xcode 3.2";
			developmentRegion = English;
			hasScannedForEncodings = 0;
			knownRegions = (
				en,
				Base,
			);
			mainGroup = B83316B9180B2C9300857E55;
			productRefGroup = B83316C3180B2C9300857E55 /* Products */;
			projectDirPath = "";
			projectRoot = "";
			targets = (
				B83316C1180B2C9300857E55 /* Musicalize */,
			);
		};
/* End PBXProject section */

/* Begin PBXResourcesBuildPhase section */
		B83316C0180B2C9300857E55 /* Resources */ = {
			isa = PBXResourcesBuildPhase;
			buildActionMask = 2147483647;
			files = (
				B83316DE180B2C9300857E55 /* Main_iPad.storyboard in Resources */,
				B83316E9180B2C9300857E55 /* Images.xcassets in Resources */,
				B83316DB180B2C9300857E55 /* Main_iPhone.storyboard in Resources */,
				B83316D2180B2C9300857E55 /* InfoPlist.strings in Resources */,
			);
			runOnlyForDeploymentPostprocessing = 0;
		};
/* End PBXResourcesBuildPhase section */

/* Begin PBXSourcesBuildPhase section */
		B83316BE180B2C9300857E55 /* Sources */ = {
			isa = PBXSourcesBuildPhase;
			buildActionMask = 2147483647;
			files = (
				B833170E180B2D6600857E55 /* JSettingController.m in Sources */,
				B83316D4180B2C9300857E55 /* main.m in Sources */,
				B833170D180B2D6600857E55 /* JGraph.m in Sources */,
				B83316E1180B2C9300857E55 /* Musicalize.xcdatamodeld in Sources */,
				B833170F180B2D6600857E55 /* ToneGeneratorViewController.m in Sources */,
				B83316D8180B2C9300857E55 /* JAppDelegate.m in Sources */,
				B83316E7180B2C9300857E55 /* JDetailViewController.m in Sources */,
				B83316E4180B2C9300857E55 /* JMasterViewController.m in Sources */,
			);
			runOnlyForDeploymentPostprocessing = 0;
		};
/* End PBXSourcesBuildPhase section */

/* Begin PBXVariantGroup section */
		B83316D0180B2C9300857E55 /* InfoPlist.strings */ = {
			isa = PBXVariantGroup;
			children = (
				B83316D1180B2C9300857E55 /* en */,
			);
			name = InfoPlist.strings;
			sourceTree = "<group>";
		};
		B83316D9180B2C9300857E55 /* Main_iPhone.storyboard */ = {
			isa = PBXVariantGroup;
			children = (
				B83316DA180B2C9300857E55 /* Base */,
			);
			name = Main_iPhone.storyboard;
			sourceTree = "<group>";
		};
		B83316DC180B2C9300857E55 /* Main_iPad.storyboard */ = {
			isa = PBXVariantGroup;
			children = (
				B83316DD180B2C9300857E55 /* Base */,
			);
			name = Main_iPad.storyboard;
			sourceTree = "<group>";
		};
		B83316F9180B2C9400857E55 /* InfoPlist.strings */ = {
			isa = PBXVariantGroup;
			children = (
				B83316FA180B2C9400857E55 /* en */,
			);
			name = InfoPlist.strings;
			sourceTree = "<group>";
		};
/* End PBXVariantGroup section */

/* Begin XCBuildConfiguration section */
		B83316FE180B2C9400857E55 /* Debug */ = {
			isa = XCBuildConfiguration;
			buildSettings = {
				ALWAYS_SEARCH_USER_PATHS = NO;
				ARCHS = "$(ARCHS_STANDARD_INCLUDING_64_BIT)";
				CLANG_CXX_LANGUAGE_STANDARD = "gnu++0x";
				CLANG_CXX_LIBRARY = "libc++";
				CLANG_ENABLE_MODULES = YES;
				CLANG_ENABLE_OBJC_ARC = YES;
				CLANG_WARN_BOOL_CONVERSION = YES;
				CLANG_WARN_CONSTANT_CONVERSION = YES;
				CLANG_WARN_DIRECT_OBJC_ISA_USAGE = YES_ERROR;
				CLANG_WARN_EMPTY_BODY = YES;
				CLANG_WARN_ENUM_CONVERSION = YES;
				CLANG_WARN_INT_CONVERSION = YES;
				CLANG_WARN_OBJC_ROOT_CLASS = YES_ERROR;
				CLANG_WARN__DUPLICATE_METHOD_MATCH = YES;
				"CODE_SIGN_IDENTITY[sdk=iphoneos*]" = "iPhone Developer";
				COPY_PHASE_STRIP = NO;
				GCC_C_LANGUAGE_STANDARD = gnu99;
				GCC_DYNAMIC_NO_PIC = NO;
				GCC_OPTIMIZATION_LEVEL = 0;
				GCC_PREPROCESSOR_DEFINITIONS = (
					"DEBUG=1",
					"$(inherited)",
				);
				GCC_SYMBOLS_PRIVATE_EXTERN = NO;
				GCC_WARN_64_TO_32_BIT_CONVERSION = YES;
				GCC_WARN_ABOUT_RETURN_TYPE = YES_ERROR;
				GCC_WARN_UNDECLARED_SELECTOR = YES;
				GCC_WARN_UNINITIALIZED_AUTOS = YES;
				GCC_WARN_UNUSED_FUNCTION = YES;
				GCC_WARN_UNUSED_VARIABLE = YES;
				IPHONEOS_DEPLOYMENT_TARGET = 7.0;
				ONLY_ACTIVE_ARCH = YES;
				SDKROOT = iphoneos;
				TARGETED_DEVICE_FAMILY = "1,2";
			};
			name = Debug;
		};
		B83316FF180B2C9400857E55 /* Release */ = {
			isa = XCBuildConfiguration;
			buildSettings = {
				ALWAYS_SEARCH_USER_PATHS = NO;
				ARCHS = "$(ARCHS_STANDARD_INCLUDING_64_BIT)";
				CLANG_CXX_LANGUAGE_STANDARD = "gnu++0x";
				CLANG_CXX_LIBRARY = "libc++";
				CLANG_ENABLE_MODULES = YES;
				CLANG_ENABLE_OBJC_ARC = YES;
				CLANG_WARN_BOOL_CONVERSION = YES;
				CLANG_WARN_CONSTANT_CONVERSION = YES;
				CLANG_WARN_DIRECT_OBJC_ISA_USAGE = YES_ERROR;
				CLANG_WARN_EMPTY_BODY = YES;
				CLANG_WARN_ENUM_CONVERSION = YES;
				CLANG_WARN_INT_CONVERSION = YES;
				CLANG_WARN_OBJC_ROOT_CLASS = YES_ERROR;
				CLANG_WARN__DUPLICATE_METHOD_MATCH = YES;
				"CODE_SIGN_IDENTITY[sdk=iphoneos*]" = "iPhone Developer";
				COPY_PHASE_STRIP = YES;
				ENABLE_NS_ASSERTIONS = NO;
				GCC_C_LANGUAGE_STANDARD = gnu99;
				GCC_WARN_64_TO_32_BIT_CONVERSION = YES;
				GCC_WARN_ABOUT_RETURN_TYPE = YES_ERROR;
				GCC_WARN_UNDECLARED_SELECTOR = YES;
				GCC_WARN_UNINITIALIZED_AUTOS = YES;
				GCC_WARN_UNUSED_FUNCTION = YES;
				GCC_WARN_UNUSED_VARIABLE = YES;
				IPHONEOS_DEPLOYMENT_TARGET = 7.0;
				SDKROOT = iphoneos;
				TARGETED_DEVICE_FAMILY = "1,2";
				VALIDATE_PRODUCT = YES;
			};
			name = Release;
		};
		B8331701180B2C9400857E55 /* Debug */ = {
			isa = XCBuildConfiguration;
			buildSettings = {
				ASSETCATALOG_COMPILER_APPICON_NAME = AppIcon;
				ASSETCATALOG_COMPILER_LAUNCHIMAGE_NAME = LaunchImage;
				GCC_PRECOMPILE_PREFIX_HEADER = YES;
				GCC_PREFIX_HEADER = "Musicalize/Musicalize-Prefix.pch";
				INFOPLIST_FILE = "Musicalize/Musicalize-Info.plist";
				PRODUCT_NAME = "$(TARGET_NAME)";
				WRAPPER_EXTENSION = app;
			};
			name = Debug;
		};
		B8331702180B2C9400857E55 /* Release */ = {
			isa = XCBuildConfiguration;
			buildSettings = {
				ASSETCATALOG_COMPILER_APPICON_NAME = AppIcon;
				ASSETCATALOG_COMPILER_LAUNCHIMAGE_NAME = LaunchImage;
				GCC_PRECOMPILE_PREFIX_HEADER = YES;
				GCC_PREFIX_HEADER = "Musicalize/Musicalize-Prefix.pch";
				INFOPLIST_FILE = "Musicalize/Musicalize-Info.plist";
				PRODUCT_NAME = "$(TARGET_NAME)";
				WRAPPER_EXTENSION = app;
			};
			name = Release;
		};
/* End XCBuildConfiguration section */

/* Begin XCConfigurationList section */
		B83316BD180B2C9300857E55 /* Build configuration list for PBXProject "Musicalize" */ = {
			isa = XCConfigurationList;
			buildConfigurations = (
				B83316FE180B2C9400857E55 /* Debug */,
				B83316FF180B2C9400857E55 /* Release */,
			);
			defaultConfigurationIsVisible = 0;
			defaultConfigurationName = Release;
		};
		B8331700180B2C9400857E55 /* Build configuration list for PBXNativeTarget "Musicalize" */ = {
			isa = XCConfigurationList;
			buildConfigurations = (
				B8331701180B2C9400857E55 /* Debug */,
				B8331702180B2C9400857E55 /* Release */,
			);
			defaultConfigurationIsVisible = 0;
			defaultConfigurationName = Release;
		};
/* End XCConfigurationList section */

/* Begin XCVersionGroup section */
		B83316DF180B2C9300857E55 /* Musicalize.xcdatamodeld */ = {
			isa = XCVersionGroup;
			children = (
				B83316E0180B2C9300857E55 /* Musicalize.xcdatamodel */,
			);
			currentVersion = B83316E0180B2C9300857E55 /* Musicalize.xcdatamodel */;
			path = Musicalize.xcdatamodeld;
			sourceTree = "<group>";
			versionGroupType = wrapper.xcdatamodel;
		};
/* End XCVersionGroup section */
	};
	rootObject = B83316BA180B2C9300857E55 /* Project object */;
}
